# This file is generated by running "yarn install" inside your project.
# Manual changes might be lost - proceed with caution!

__metadata:
  version: 8
  cacheKey: 10c0

"@electron/get@npm:^2.0.2":
  version: 2.0.2
  resolution: "@electron/get@npm:2.0.2"
  dependencies:
    debug: "npm:^4.1.1"
    env-paths: "npm:^2.2.0"
    fs-extra: "npm:^8.1.0"
    global-agent: "npm:^3.0.0"
    got: "npm:^11.8.5"
    progress: "npm:^2.0.3"
    semver: "npm:^6.2.0"
    sumchecker: "npm:^3.0.1"
  dependenciesMeta:
    global-agent:
      optional: true
  checksum: 10c0/fc48ca5afb3e8d0b17a7a15ca47644bb3f464f98995271b827455d7bb137bfbc0ed6fd287216dd7b753e7e053706415ef4ef22cf02d6f39b12066cf7f5570965
  languageName: node
  linkType: hard

"@isaacs/fs-minipass@npm:^4.0.0":
  version: 4.0.1
  resolution: "@isaacs/fs-minipass@npm:4.0.1"
  dependencies:
    minipass: "npm:^7.0.4"
  checksum: 10c0/c25b6dc1598790d5b55c0947a9b7d111cfa92594db5296c3b907e2f533c033666f692a3939eadac17b1c7c40d362d0b0635dc874cbfe3e70db7c2b07cc97a5d2
  languageName: node
  linkType: hard

"@oxlint/binding-android-arm-eabi@npm:1.69.0":
  version: 1.69.0
  resolution: "@oxlint/binding-android-arm-eabi@npm:1.69.0"
  conditions: os=android & cpu=arm
  languageName: node
  linkType: hard

"@oxlint/binding-android-arm64@npm:1.69.0":
  version: 1.69.0
  resolution: "@oxlint/binding-android-arm64@npm:1.69.0"
  conditions: os=android & cpu=arm64
  languageName: node
  linkType: hard

"@oxlint/binding-darwin-arm64@npm:1.69.0":
  version: 1.69.0
  resolution: "@oxlint/binding-darwin-arm64@npm:1.69.0"
  conditions: os=darwin & cpu=arm64
  languageName: node
  linkType: hard

"@oxlint/binding-darwin-x64@npm:1.69.0":
  version: 1.69.0
  resolution: "@oxlint/binding-darwin-x64@npm:1.69.0"
  conditions: os=darwin & cpu=x64
  languageName: node
  linkType: hard

"@oxlint/binding-freebsd-x64@npm:1.69.0":
  version: 1.69.0
  resolution: "@oxlint/binding-freebsd-x64@npm:1.69.0"
  conditions: os=freebsd & cpu=x64
  languageName: node
  linkType: hard

"@oxlint/binding-linux-arm-gnueabihf@npm:1.69.0":
  version: 1.69.0
  resolution: "@oxlint/binding-linux-arm-gnueabihf@npm:1.69.0"
  conditions: os=linux & cpu=arm
  languageName: node
  linkType: hard

"@oxlint/binding-linux-arm-musleabihf@npm:1.69.0":
  version: 1.69.0
  resolution: "@oxlint/binding-linux-arm-musleabihf@npm:1.69.0"
  conditions: os=linux & cpu=arm
  languageName: node
  linkType: hard

"@oxlint/binding-linux-arm64-gnu@npm:1.69.0":
  version: 1.69.0
  resolution: "@oxlint/binding-linux-arm64-gnu@npm:1.69.0"
  conditions: os=linux & cpu=arm64 & libc=glibc
  languageName: node
  linkType: hard

"@oxlint/binding-linux-arm64-musl@npm:1.69.0":
  version: 1.69.0
  resolution: "@oxlint/binding-linux-arm64-musl@npm:1.69.0"
  conditions: os=linux & cpu=arm64 & libc=musl
  languageName: node
  linkType: hard

"@oxlint/binding-linux-ppc64-gnu@npm:1.69.0":
  version: 1.69.0
  resolution: "@oxlint/binding-linux-ppc64-gnu@npm:1.69.0"
  conditions: os=linux & cpu=ppc64 & libc=glibc
  languageName: node
  linkType: hard

"@oxlint/binding-linux-riscv64-gnu@npm:1.69.0":
  version: 1.69.0
  resolution: "@oxlint/binding-linux-riscv64-gnu@npm:1.69.0"
  conditions: os=linux & cpu=riscv64 & libc=glibc
  languageName: node
  linkType: hard

"@oxlint/binding-linux-riscv64-musl@npm:1.69.0":
  version: 1.69.0
  resolution: "@oxlint/binding-linux-riscv64-musl@npm:1.69.0"
  conditions: os=linux & cpu=riscv64 & libc=musl
  languageName: node
  linkType: hard

"@oxlint/binding-linux-s390x-gnu@npm:1.69.0":
  version: 1.69.0
  resolution: "@oxlint/binding-linux-s390x-gnu@npm:1.69.0"
  conditions: os=linux & cpu=s390x & libc=glibc
  languageName: node
  linkType: hard

"@oxlint/binding-linux-x64-gnu@npm:1.69.0":
  version: 1.69.0
  resolution: "@oxlint/binding-linux-x64-gnu@npm:1.69.0"
  conditions: os=linux & cpu=x64 & libc=glibc
  languageName: node
  linkType: hard

"@oxlint/binding-linux-x64-musl@npm:1.69.0":
  version: 1.69.0
  resolution: "@oxlint/binding-linux-x64-musl@npm:1.69.0"
  conditions: os=linux & cpu=x64 & libc=musl
  languageName: node
  linkType: hard

"@oxlint/binding-openharmony-arm64@npm:1.69.0":
  version: 1.69.0
  resolution: "@oxlint/binding-openharmony-arm64@npm:1.69.0"
  conditions: os=openharmony & cpu=arm64
  languageName: node
  linkType: hard

"@oxlint/binding-win32-arm64-msvc@npm:1.69.0":
  version: 1.69.0
  resolution: "@oxlint/binding-win32-arm64-msvc@npm:1.69.0"
  conditions: os=win32 & cpu=arm64
  languageName: node
  linkType: hard

"@oxlint/binding-win32-ia32-msvc@npm:1.69.0":
  version: 1.69.0
  resolution: "@oxlint/binding-win32-ia32-msvc@npm:1.69.0"
  conditions: os=win32 & cpu=ia32
  languageName: node
  linkType: hard

"@oxlint/binding-win32-x64-msvc@npm:1.69.0":
  version: 1.69.0
  resolution: "@oxlint/binding-win32-x64-msvc@npm:1.69.0"
  conditions: os=win32 & cpu=x64
  languageName: node
  linkType: hard

"@sindresorhus/is@npm:^4.0.0":
  version: 4.6.0
  resolution: "@sindresorhus/is@npm:4.6.0"
  checksum: 10c0/33b6fb1d0834ec8dd7689ddc0e2781c2bfd8b9c4e4bacbcb14111e0ae00621f2c264b8a7d36541799d74888b5dccdf422a891a5cb5a709ace26325eedc81e22e
  languageName: node
  linkType: hard

"@szmarczak/http-timer@npm:^4.0.5":
  version: 4.0.6
  resolution: "@szmarczak/http-timer@npm:4.0.6"
  dependencies:
    defer-to-connect: "npm:^2.0.0"
  checksum: 10c0/73946918c025339db68b09abd91fa3001e87fc749c619d2e9c2003a663039d4c3cb89836c98a96598b3d47dec2481284ba85355392644911f5ecd2336536697f
  languageName: node
  linkType: hard

"@types/appdmg@npm:^0.5.5":
  version: 0.5.5
  resolution: "@types/appdmg@npm:0.5.5"
  dependencies:
    "@types/node": "npm:*"
  checksum: 10c0/9aa1b38a27b9310fcb6fc3fdac2aab4d3d05a0165a485c4a3a09d75712e4ea6a2e5f1e75a1a657c2e071bba92344dc0610fdb89320308601dd1e596f1aa57da0
  languageName: node
  linkType: hard

"@types/cacheable-request@npm:^6.0.1":
  version: 6.0.2
  resolution: "@types/cacheable-request@npm:6.0.2"
  dependencies:
    "@types/http-cache-semantics": "npm:*"
    "@types/keyv": "npm:*"
    "@types/node": "npm:*"
    "@types/responselike": "npm:*"
  checksum: 10c0/76e752898e4634286cd8df6278aec21707cfe8a570240c5a6252b53154908744e56805fe7fbd60cb21c9f19dd8be998b775c5ff2d634782ffd6ab575c78c918e
  languageName: node
  linkType: hard

"@types/debug@npm:^4.1.7":
  version: 4.1.7
  resolution: "@types/debug@npm:4.1.7"
  dependencies:
    "@types/ms": "npm:*"
  checksum: 10c0/742b752b60e14a752d9bf172e64f28e172f630b9933e763d2b54c7c8c1f33b99b1ef067d7312665a4d0539d8df7ea3eb664a8039f900e4b8234c647a569d123a
  languageName: node
  linkType: hard

"@types/http-cache-semantics@npm:*":
  version: 4.0.1
  resolution: "@types/http-cache-semantics@npm:4.0.1"
  checksum: 10c0/6d6068110a04cac213bdc0fff9c7bac028b5a2da390492204328987d8ddc500adc10d9cf5747a6333dab261712655dcfe120ea1d5527c205d012a39cdccc2a7b
  languageName: node
  linkType: hard

"@types/keyv@npm:*":
  version: 4.2.0
  resolution: "@types/keyv@npm:4.2.0"
  dependencies:
    keyv: "npm:*"
  checksum: 10c0/ad626918f1843035b732b582263890a67d73dc3ff80da97e51fbe0ae3f2fe7a1ada2eef1bd89605c5fb739444110e696c0e0703d9b49a842a2f924c6e9164faa
  languageName: node
  linkType: hard

"@types/minimist@npm:^1.2.2":
  version: 1.2.2
  resolution: "@types/minimist@npm:1.2.2"
  checksum: 10c0/f220f57f682bbc3793dab4518f8e2180faa79d8e2589c79614fd777d7182be203ba399020c3a056a115064f5d57a065004a32b522b2737246407621681b24137
  languageName: node
  linkType: hard

"@types/ms@npm:*":
  version: 0.7.31
  resolution: "@types/ms@npm:0.7.31"
  checksum: 10c0/19fae4f587651e8761c76a0c72ba8af1700d37054476878d164b758edcc926f4420ed06037a1a7fdddc1dbea25265895d743c8b2ea44f3f3f7ac06c449b9221e
  languageName: node
  linkType: hard

"@types/node@npm:*":
  version: 16.4.10
  resolution: "@types/node@npm:16.4.10"
  checksum: 10c0/a02b3c434ecf11168a7117452b0c0503eb0e6c41db4bff9d7a5a134ff0ce93e6a83588f4f830e59c16d82744a2b2c0b0eb666931b7a410e2ed8d2eef83f6689b
  languageName: node
  linkType: hard

"@types/node@npm:^22.10.2":
  version: 22.19.21
  resolution: "@types/node@npm:22.19.21"
  dependencies:
    undici-types: "npm:~6.21.0"
  checksum: 10c0/9a18a5fabaf75a55d63796d6086029c4f9fdd1c026a26d629804f5cc99b3302c749be321df29d7a7141dc227501ed645b5f9d01095d926f5d2c0e2230fcd3f59
  languageName: node
  linkType: hard

"@types/responselike@npm:*, @types/responselike@npm:^1.0.0":
  version: 1.0.0
  resolution: "@types/responselike@npm:1.0.0"
  dependencies:
    "@types/node": "npm:*"
  checksum: 10c0/474ac2402e6d43c007eee25f50d01eb1f67255ca83dd8e036877292bbe8dd5d2d1e50b54b408e233b50a8c38e681ff3ebeaf22f18b478056eddb65536abb003a
  languageName: node
  linkType: hard

"abbrev@npm:^5.0.0":
  version: 5.0.0
  resolution: "abbrev@npm:5.0.0"
  checksum: 10c0/8e88f5c798ea4562d28c5a3e9ad69e3879890bc5d695d8f2dffb8609be4c890aacc8f80ef4553fdd2c6a62d70c2ce8bc57b38074e383beb7487bdafa9ed42ea5
  languageName: node
  linkType: hard

"appdmg@npm:^0.6.4":
  version: 0.6.4
  resolution: "appdmg@npm:0.6.4"
  dependencies:
    async: "npm:^1.4.2"
    ds-store: "npm:^0.1.5"
    execa: "npm:^1.0.0"
    fs-temp: "npm:^1.0.0"
    fs-xattr: "npm:^0.3.0"
    image-size: "npm:^0.7.4"
    is-my-json-valid: "npm:^2.20.0"
    minimist: "npm:^1.1.3"
    parse-color: "npm:^1.0.0"
    path-exists: "npm:^4.0.0"
    repeat-string: "npm:^1.5.4"
  bin:
    appdmg: bin/appdmg.js
  conditions: os=darwin
  languageName: node
  linkType: hard

"array-buffer-from-string@npm:^0.1.0":
  version: 0.1.0
  resolution: "array-buffer-from-string@npm:0.1.0"
  checksum: 10c0/1c51641edfd52ff166a2f58b39fa7a5ae8362ff89bbbb4c8900fe7780dba39dc7043f0457d2ecfd6510a2a0ab3352e038b43ecf438cf8ba94d61f01e9c62af97
  languageName: node
  linkType: hard

"async@npm:^1.4.2":
  version: 1.5.2
  resolution: "async@npm:1.5.2"
  checksum: 10c0/9ee84592c393aad1047d1223004317ecc65a9a3f76101e0f4614a0818eac962e666510353400a3c9ea158df540579a293f486f3578e918c5e90a0f5ed52e8aea
  languageName: node
  linkType: hard

"base32-encode@npm:^0.1.0":
  version: 0.1.1
  resolution: "base32-encode@npm:0.1.1"
  checksum: 10c0/5fb3b11eef9d0bb3ca2ab608e9ba656a87feaca817b6c92e2399deabee7729a5d2134b2cdc1a6bb5b45b0e09a22adb2a92f71c4a5c0bd111b882370c2b7b675e
  languageName: node
  linkType: hard

"boolean@npm:^3.0.1":
  version: 3.1.2
  resolution: "boolean@npm:3.1.2"
  checksum: 10c0/7995e1e41556353379a18ba11affff983b94f01b40ef29e12e9cba35e19a685a371e2e455a0697f7ea463cb891c330f762a69435bfb5501910b029b7bc7d6470
  languageName: node
  linkType: hard

"bplist-creator@npm:~0.0.3":
  version: 0.0.8
  resolution: "bplist-creator@npm:0.0.8"
  dependencies:
    stream-buffers: "npm:~2.2.0"
  checksum: 10c0/21c865784db7f14ca26ff20b4aab85b87577549f7592271c22052de6df95cfab9cc7671f602106f4c9e6dc9c0de9710c907b8d4f7345427a710ae8616a578587
  languageName: node
  linkType: hard

"cacheable-lookup@npm:^5.0.3":
  version: 5.0.4
  resolution: "cacheable-lookup@npm:5.0.4"
  checksum: 10c0/a6547fb4954b318aa831cbdd2f7b376824bc784fb1fa67610e4147099e3074726072d9af89f12efb69121415a0e1f2918a8ddd4aafcbcf4e91fbeef4a59cd42c
  languageName: node
  linkType: hard

"cacheable-request@npm:^7.0.2":
  version: 7.0.2
  resolution: "cacheable-request@npm:7.0.2"
  dependencies:
    clone-response: "npm:^1.0.2"
    get-stream: "npm:^5.1.0"
    http-cache-semantics: "npm:^4.0.0"
    keyv: "npm:^4.0.0"
    lowercase-keys: "npm:^2.0.0"
    normalize-url: "npm:^6.0.1"
    responselike: "npm:^2.0.0"
  checksum: 10c0/681bad13691d0d5d10652d409374747a2ce8676f854b0d454ee8fc65e0a10a52ea83cd1f6c367ada08572fd4982f2aa2582dc38983d4e958e053e181c433765e
  languageName: node
  linkType: hard

"chownr@npm:^3.0.0":
  version: 3.0.0
  resolution: "chownr@npm:3.0.0"
  checksum: 10c0/43925b87700f7e3893296c8e9c56cc58f926411cce3a6e5898136daaf08f08b9a8eb76d37d3267e707d0dcc17aed2e2ebdf5848c0c3ce95cf910a919935c1b10
  languageName: node
  linkType: hard

"clone-response@npm:^1.0.2":
  version: 1.0.2
  resolution: "clone-response@npm:1.0.2"
  dependencies:
    mimic-response: "npm:^1.0.0"
  checksum: 10c0/96f3527ef86d0c322e0a5188d929ab78ddbc3238d47ccbb00f8abb02b02e4ef70339646ec73d657383ffbdb1f0cfef6a937062d4f701ca6f84cee7a37114007f
  languageName: node
  linkType: hard

"color-convert@npm:~0.5.0":
  version: 0.5.3
  resolution: "color-convert@npm:0.5.3"
  checksum: 10c0/324b863446bab6c5f88cb0010c3a16a6ca6bf6709eb7b7b3482d3e9ca6cfcfa690c25c1151bd2dc6279a0f4e2c593630486a2b9caae3c3eb96b82f5408e23e54
  languageName: node
  linkType: hard

"cross-spawn@npm:^6.0.0":
  version: 6.0.5
  resolution: "cross-spawn@npm:6.0.5"
  dependencies:
    nice-try: "npm:^1.0.4"
    path-key: "npm:^2.0.1"
    semver: "npm:^5.5.0"
    shebang-command: "npm:^1.2.0"
    which: "npm:^1.2.9"
  checksum: 10c0/e05544722e9d7189b4292c66e42b7abeb21db0d07c91b785f4ae5fefceb1f89e626da2703744657b287e86dcd4af57b54567cef75159957ff7a8a761d9055012
  languageName: node
  linkType: hard

"debug@npm:^4.1.0, debug@npm:^4.1.1, debug@npm:^4.3.2":
  version: 4.3.4
  resolution: "debug@npm:4.3.4"
  dependencies:
    ms: "npm:2.1.2"
  peerDependenciesMeta:
    supports-color:
      optional: true
  checksum: 10c0/cedbec45298dd5c501d01b92b119cd3faebe5438c3917ff11ae1bff86a6c722930ac9c8659792824013168ba6db7c4668225d845c633fbdafbbf902a6389f736
  languageName: node
  linkType: hard

"decompress-response@npm:^6.0.0":
  version: 6.0.0
  resolution: "decompress-response@npm:6.0.0"
  dependencies:
    mimic-response: "npm:^3.1.0"
  checksum: 10c0/bd89d23141b96d80577e70c54fb226b2f40e74a6817652b80a116d7befb8758261ad073a8895648a29cc0a5947021ab66705cb542fa9c143c82022b27c5b175e
  languageName: node
  linkType: hard

"defer-to-connect@npm:^2.0.0":
  version: 2.0.1
  resolution: "defer-to-connect@npm:2.0.1"
  checksum: 10c0/625ce28e1b5ad10cf77057b9a6a727bf84780c17660f6644dab61dd34c23de3001f03cedc401f7d30a4ed9965c2e8a7336e220a329146f2cf85d4eddea429782
  languageName: node
  linkType: hard

"define-properties@npm:^1.1.3":
  version: 1.1.3
  resolution: "define-properties@npm:1.1.3"
  dependencies:
    object-keys: "npm:^1.0.12"
  checksum: 10c0/a2fa03d97ee44bb7c679bac7c3b3e63431a2efd83c12c0d61c7f5adf4fa1cf0a669c77afd274babbc5400926bdc2befb25679e4bf687140b078c0fe14f782e4f
  languageName: node
  linkType: hard

"detect-node@npm:^2.0.4":
  version: 2.1.0
  resolution: "detect-node@npm:2.1.0"
  checksum: 10c0/f039f601790f2e9d4654e499913259a798b1f5246ae24f86ab5e8bd4aaf3bce50484234c494f11fb00aecb0c6e2733aa7b1cf3f530865640b65fbbd65b2c4e09
  languageName: node
  linkType: hard

"ds-store@npm:^0.1.5":
  version: 0.1.6
  resolution: "ds-store@npm:0.1.6"
  dependencies:
    bplist-creator: "npm:~0.0.3"
    macos-alias: "npm:~0.2.5"
    tn1150: "npm:^0.1.0"
  checksum: 10c0/40293e925e27fa6df7f043320a2e277c5901368c49a7e420ecfc510dd843a6878b92875b126b841b53a70be7a6ab67338582b7f7ffd4ace3e581cf15aea0a1e2
  languageName: node
  linkType: hard

"electron-installer-dmg@workspace:.":
  version: 0.0.0-use.local
  resolution: "electron-installer-dmg@workspace:."
  dependencies:
    "@electron/get": "npm:^2.0.2"
    "@types/appdmg": "npm:^0.5.5"
    "@types/debug": "npm:^4.1.7"
    "@types/minimist": "npm:^1.2.2"
    "@types/node": "npm:^22.10.2"
    appdmg: "npm:^0.6.4"
    debug: "npm:^4.3.2"
    minimist: "npm:^1.2.7"
    oxlint: "npm:^1.59.0"
    typescript: "npm:^5.5.2"
  dependenciesMeta:
    appdmg:
      optional: true
    fs-xattr:
      built: true
    macos-alias:
      built: true
  bin:
    electron-installer-dmg: dist/electron-installer-dmg-bin.js
  languageName: unknown
  linkType: soft

"end-of-stream@npm:^1.1.0":
  version: 1.4.1
  resolution: "end-of-stream@npm:1.4.1"
  dependencies:
    once: "npm:^1.4.0"
  checksum: 10c0/ae228780ef83a74152ff7bbca85e25216ac5fe98bd7c865dece47b03137297f747d7a7f6a00e1440e18315e9f572edf42fda839c3a51f7f15931577420a7610b
  languageName: node
  linkType: hard

"env-paths@npm:^2.2.0":
  version: 2.2.0
  resolution: "env-paths@npm:2.2.0"
  checksum: 10c0/fa74ee7e07be6a431c431f31b557756de67b8fd5497ceadd09af0b9be3fe775c89f7b882a5caa73f51d148f9a61c9d7e295c350bde2975bd5d8c1219906f480e
  languageName: node
  linkType: hard

"es6-error@npm:^4.1.1":
  version: 4.1.1
  resolution: "es6-error@npm:4.1.1"
  checksum: 10c0/357663fb1e845c047d548c3d30f86e005db71e122678f4184ced0693f634688c3f3ef2d7de7d4af732f734de01f528b05954e270f06aa7d133679fb9fe6600ef
  languageName: node
  linkType: hard

"escape-string-regexp@npm:^4.0.0":
  version: 4.0.0
  resolution: "escape-string-regexp@npm:4.0.0"
  checksum: 10c0/9497d4dd307d845bd7f75180d8188bb17ea8c151c1edbf6b6717c100e104d629dc2dfb687686181b0f4b7d732c7dfdc4d5e7a8ff72de1b0ca283a75bbb3a9cd9
  languageName: node
  linkType: hard

"execa@npm:^1.0.0":
  version: 1.0.0
  resolution: "execa@npm:1.0.0"
  dependencies:
    cross-spawn: "npm:^6.0.0"
    get-stream: "npm:^4.0.0"
    is-stream: "npm:^1.1.0"
    npm-run-path: "npm:^2.0.0"
    p-finally: "npm:^1.0.0"
    signal-exit: "npm:^3.0.0"
    strip-eof: "npm:^1.0.0"
  checksum: 10c0/cc71707c9aa4a2552346893ee63198bf70a04b5a1bc4f8a0ef40f1d03c319eae80932c59191f037990d7d102193e83a38ec72115fff814ec2fb3099f3661a590
  languageName: node
  linkType: hard

"exponential-backoff@npm:^3.1.1":
  version: 3.1.3
  resolution: "exponential-backoff@npm:3.1.3"
  checksum: 10c0/77e3ae682b7b1f4972f563c6dbcd2b0d54ac679e62d5d32f3e5085feba20483cf28bd505543f520e287a56d4d55a28d7874299941faf637e779a1aa5994d1267
  languageName: node
  linkType: hard

"fdir@npm:^6.5.0":
  version: 6.5.0
  resolution: "fdir@npm:6.5.0"
  peerDependencies:
    picomatch: ^3 || ^4
  peerDependenciesMeta:
    picomatch:
      optional: true
  checksum: 10c0/e345083c4306b3aed6cb8ec551e26c36bab5c511e99ea4576a16750ddc8d3240e63826cc624f5ae17ad4dc82e68a253213b60d556c11bfad064b7607847ed07f
  languageName: node
  linkType: hard

"fmix@npm:^0.1.0":
  version: 0.1.0
  resolution: "fmix@npm:0.1.0"
  dependencies:
    imul: "npm:^1.0.0"
  checksum: 10c0/af9e54eacc00b46e1c4a77229840e37252fff7634f81026591da9d24438ca15a1afa2786f579eb7865489ded21b76af7327d111b90b944e7409cd60f4d4f2ded
  languageName: node
  linkType: hard

"fs-extra@npm:^8.1.0":
  version: 8.1.0
  resolution: "fs-extra@npm:8.1.0"
  dependencies:
    graceful-fs: "npm:^4.2.0"
    jsonfile: "npm:^4.0.0"
    universalify: "npm:^0.1.0"
  checksum: 10c0/259f7b814d9e50d686899550c4f9ded85c46c643f7fe19be69504888e007fcbc08f306fae8ec495b8b998635e997c9e3e175ff2eeed230524ef1c1684cc96423
  languageName: node
  linkType: hard

"fs-temp@npm:^1.0.0":
  version: 1.1.2
  resolution: "fs-temp@npm:1.1.2"
  dependencies:
    random-path: "npm:^0.1.0"
  checksum: 10c0/b4b94e04f02c72e8b8a6ca407dd6c4730c5f3acfe25531b44ad7104a16c0d91e3cb4dbcac502d2f833c1e69f075df6d635b73d1d3481d6300449b458ee87f727
  languageName: node
  linkType: hard

"fs-xattr@npm:^0.3.0":
  version: 0.3.0
  resolution: "fs-xattr@npm:0.3.0"
  dependencies:
    node-gyp: "npm:latest"
  conditions: "!os=win32"
  languageName: node
  linkType: hard

"generate-function@npm:^2.0.0":
  version: 2.3.1
  resolution: "generate-function@npm:2.3.1"
  dependencies:
    is-property: "npm:^1.0.2"
  checksum: 10c0/4645cf1da90375e46a6f1dc51abc9933e5eafa4cd1a44c2f7e3909a30a4e9a1a08c14cd7d5b32da039da2dba2a085e1ed4597b580c196c3245b2d35d8bc0de5d
  languageName: node
  linkType: hard

"generate-object-property@npm:^1.1.0":
  version: 1.2.0
  resolution: "generate-object-property@npm:1.2.0"
  dependencies:
    is-property: "npm:^1.0.0"
  checksum: 10c0/0b30acb43283a489b1adf4655f3f413b448dbec750678cf70bfde92b04a22f85b286be004b66fd713e3060e418d7beb562f05431235ec95c044b63e324759e8c
  languageName: node
  linkType: hard

"get-stream@npm:^4.0.0":
  version: 4.1.0
  resolution: "get-stream@npm:4.1.0"
  dependencies:
    pump: "npm:^3.0.0"
  checksum: 10c0/294d876f667694a5ca23f0ca2156de67da950433b6fb53024833733975d32582896dbc7f257842d331809979efccf04d5e0b6b75ad4d45744c45f193fd497539
  languageName: node
  linkType: hard

"get-stream@npm:^5.1.0":
  version: 5.1.0
  resolution: "get-stream@npm:5.1.0"
  dependencies:
    pump: "npm:^3.0.0"
  checksum: 10c0/e6cd43afd63f598b2074b29e7b91ef8004d07fbb68cf13aa0ef93ab3069e4d9eb69c1749efc230a374459749f3771fcedd7c7750d27e6631da37f4e8279cd3de
  languageName: node
  linkType: hard

"global-agent@npm:^3.0.0":
  version: 3.0.0
  resolution: "global-agent@npm:3.0.0"
  dependencies:
    boolean: "npm:^3.0.1"
    es6-error: "npm:^4.1.1"
    matcher: "npm:^3.0.0"
    roarr: "npm:^2.15.3"
    semver: "npm:^7.3.2"
    serialize-error: "npm:^7.0.1"
  checksum: 10c0/bb8750d026b25da437072762fd739098bad92ff72f66483c3929db4579e072f5523960f7e7fd70ee0d75db48898067b5dc1c9c1d17888128cff008fcc34d1bd3
  languageName: node
  linkType: hard

"globalthis@npm:^1.0.1":
  version: 1.0.2
  resolution: "globalthis@npm:1.0.2"
  dependencies:
    define-properties: "npm:^1.1.3"
  checksum: 10c0/dcb1f502192d1bdcd9bf07911e44567c4d7041d62ed65a31cc1df00e0e8fc1ac9669844c78c763cc89533a34f2e62c008260d3d1dc775954f7ca59027d0694b4
  languageName: node
  linkType: hard

"got@npm:^11.8.5":
  version: 11.8.5
  resolution: "got@npm:11.8.5"
  dependencies:
    "@sindresorhus/is": "npm:^4.0.0"
    "@szmarczak/http-timer": "npm:^4.0.5"
    "@types/cacheable-request": "npm:^6.0.1"
    "@types/responselike": "npm:^1.0.0"
    cacheable-lookup: "npm:^5.0.3"
    cacheable-request: "npm:^7.0.2"
    decompress-response: "npm:^6.0.0"
    http2-wrapper: "npm:^1.0.0-beta.5.2"
    lowercase-keys: "npm:^2.0.0"
    p-cancelable: "npm:^2.0.0"
    responselike: "npm:^2.0.0"
  checksum: 10c0/14d160a21d085b0fca1c794ae17411d6abe05491a1db37b97e8218bf434d086eea335cadc022964f1896a60ac036db6af0debad94d3747f85503bc7d21bf0fa0
  languageName: node
  linkType: hard

"graceful-fs@npm:^4.1.6, graceful-fs@npm:^4.2.0":
  version: 4.2.0
  resolution: "graceful-fs@npm:4.2.0"
  checksum: 10c0/3bd275dbf33f437230d56885e897df49650bf2adb34eae6ff935e06bf416968d31e14828f6763d25f31743573ea4f76be762116ba69e5e83d508cd402007009e
  languageName: node
  linkType: hard

"graceful-fs@npm:^4.2.6":
  version: 4.2.11
  resolution: "graceful-fs@npm:4.2.11"
  checksum: 10c0/386d011a553e02bc594ac2ca0bd6d9e4c22d7fa8cfbfc448a6d148c59ea881b092db9dbe3547ae4b88e55f1b01f7c4a2ecc53b310c042793e63aa44cf6c257f2
  languageName: node
  linkType: hard

"http-cache-semantics@npm:^4.0.0":
  version: 4.0.3
  resolution: "http-cache-semantics@npm:4.0.3"
  checksum: 10c0/1321f1031dcc61e2665be361dde6d9a5fd9d66b9b6791944065506bec7eef592fb029cdda4f1e0546f6281e3d0ee264ddead079d381f728b492d26ee893d285c
  languageName: node
  linkType: hard

"http2-wrapper@npm:^1.0.0-beta.5.2":
  version: 1.0.3
  resolution: "http2-wrapper@npm:1.0.3"
  dependencies:
    quick-lru: "npm:^5.1.1"
    resolve-alpn: "npm:^1.0.0"
  checksum: 10c0/6a9b72a033e9812e1476b9d776ce2f387bc94bc46c88aea0d5dab6bd47d0a539b8178830e77054dd26d1142c866d515a28a4dc7c3ff4232c88ff2ebe4f5d12d1
  languageName: node
  linkType: hard

"image-size@npm:^0.7.4":
  version: 0.7.4
  resolution: "image-size@npm:0.7.4"
  bin:
    image-size: bin/image-size.js
  checksum: 10c0/da40e18eaf1e9dac756d07f12c8b97c67d4ad7c02a9f1b372f5955254d0d33116c2d29e7b95bb06577f07cfdfd81162c97fd934470900639f55c30c03bbe5722
  languageName: node
  linkType: hard

"imul@npm:^1.0.0":
  version: 1.0.1
  resolution: "imul@npm:1.0.1"
  checksum: 10c0/d564c45a5017f01f965509ef409fad8175749bc96a52a95e1a09f05378d135fb37051cea7194d0eeca5147541d8e80d68853f5f681eef05f9f14f1d551edae2f
  languageName: node
  linkType: hard

"is-my-ip-valid@npm:^1.0.0":
  version: 1.0.0
  resolution: "is-my-ip-valid@npm:1.0.0"
  checksum: 10c0/cab1e255a0f378bb5657f9bd727df3d54f9be9cd988b63a795e9c725de5cc19d699c7b3fc5dde45a9539e916b67548153bfa3372797da15396e796e56146f6c6
  languageName: node
  linkType: hard

"is-my-json-valid@npm:^2.20.0":
  version: 2.20.0
  resolution: "is-my-json-valid@npm:2.20.0"
  dependencies:
    generate-function: "npm:^2.0.0"
    generate-object-property: "npm:^1.1.0"
    is-my-ip-valid: "npm:^1.0.0"
    jsonpointer: "npm:^4.0.0"
    xtend: "npm:^4.0.0"
  checksum: 10c0/60c844533fe69cf37cc5603e80ad5e2ab4de3f5074616d814aa59fe55a9f962e0e90aae8b9ccfea62d4a1ce9210db77500fcc3003546b53faab0df8f20569b3b
  languageName: node
  linkType: hard

"is-property@npm:^1.0.0, is-property@npm:^1.0.2":
  version: 1.0.2
  resolution: "is-property@npm:1.0.2"
  checksum: 10c0/33ab65a136e4ba3f74d4f7d9d2a013f1bd207082e11cedb160698e8d5394644e873c39668d112a402175ccbc58a087cef87198ed46829dbddb479115a0257283
  languageName: node
  linkType: hard

"is-stream@npm:^1.1.0":
  version: 1.1.0
  resolution: "is-stream@npm:1.1.0"
  checksum: 10c0/b8ae7971e78d2e8488d15f804229c6eed7ed36a28f8807a1815938771f4adff0e705218b7dab968270433f67103e4fef98062a0beea55d64835f705ee72c7002
  languageName: node
  linkType: hard

"isexe@npm:^2.0.0":
  version: 2.0.0
  resolution: "isexe@npm:2.0.0"
  checksum: 10c0/228cfa503fadc2c31596ab06ed6aa82c9976eec2bfd83397e7eaf06d0ccf42cd1dfd6743bf9aeb01aebd4156d009994c5f76ea898d2832c1fe342da923ca457d
  languageName: node
  linkType: hard

"isexe@npm:^4.0.0":
  version: 4.0.0
  resolution: "isexe@npm:4.0.0"
  checksum: 10c0/5884815115bceac452877659a9c7726382531592f43dc29e5d48b7c4100661aed54018cb90bd36cb2eaeba521092570769167acbb95c18d39afdccbcca06c5ce
  languageName: node
  linkType: hard

"json-buffer@npm:3.0.1":
  version: 3.0.1
  resolution: "json-buffer@npm:3.0.1"
  checksum: 10c0/0d1c91569d9588e7eef2b49b59851f297f3ab93c7b35c7c221e288099322be6b562767d11e4821da500f3219542b9afd2e54c5dc573107c1126ed1080f8e96d7
  languageName: node
  linkType: hard

"json-stringify-safe@npm:^5.0.1":
  version: 5.0.1
  resolution: "json-stringify-safe@npm:5.0.1"
  checksum: 10c0/7dbf35cd0411d1d648dceb6d59ce5857ec939e52e4afc37601aa3da611f0987d5cee5b38d58329ceddf3ed48bd7215229c8d52059ab01f2444a338bf24ed0f37
  languageName: node
  linkType: hard

"jsonfile@npm:^4.0.0":
  version: 4.0.0
  resolution: "jsonfile@npm:4.0.0"
  dependencies:
    graceful-fs: "npm:^4.1.6"
  dependenciesMeta:
    graceful-fs:
      optional: true
  checksum: 10c0/7dc94b628d57a66b71fb1b79510d460d662eb975b5f876d723f81549c2e9cd316d58a2ddf742b2b93a4fa6b17b2accaf1a738a0e2ea114bdfb13a32e5377e480
  languageName: node
  linkType: hard

"jsonpointer@npm:^4.0.0":
  version: 4.0.1
  resolution: "jsonpointer@npm:4.0.1"
  checksum: 10c0/0c17772d0e5c4911f5773bada4d74b46535ebe8a5a9327c92452a2442df951334e58f7aeea8db6c04d43ffd325245eab323abde8c9e9c393a9b1826cd5e57468
  languageName: node
  linkType: hard

"keyv@npm:*, keyv@npm:^4.0.0":
  version: 4.5.0
  resolution: "keyv@npm:4.5.0"
  dependencies:
    json-buffer: "npm:3.0.1"
  checksum: 10c0/78d6f885352dffa2b85dc9c1c4bbc4d68d8971edea4ca29b0c10d6a447e04b9ac0b2030325ca00377510a7e3b47ecc088dacdc346d96dc00c9fe9c42dba7252f
  languageName: node
  linkType: hard

"lowercase-keys@npm:^2.0.0":
  version: 2.0.0
  resolution: "lowercase-keys@npm:2.0.0"
  checksum: 10c0/f82a2b3568910509da4b7906362efa40f5b54ea14c2584778ddb313226f9cbf21020a5db35f9b9a0e95847a9b781d548601f31793d736b22a2b8ae8eb9ab1082
  languageName: node
  linkType: hard

"lru-cache@npm:^6.0.0":
  version: 6.0.0
  resolution: "lru-cache@npm:6.0.0"
  dependencies:
    yallist: "npm:^4.0.0"
  checksum: 10c0/cb53e582785c48187d7a188d3379c181b5ca2a9c78d2bce3e7dee36f32761d1c42983da3fe12b55cb74e1779fa94cdc2e5367c028a9b35317184ede0c07a30a9
  languageName: node
  linkType: hard

"macos-alias@npm:~0.2.5":
  version: 0.2.12
  resolution: "macos-alias@npm:0.2.12"
  dependencies:
    nan: "npm:^2.4.0"
    node-gyp: "npm:latest"
  conditions: os=darwin
  languageName: node
  linkType: hard

"matcher@npm:^3.0.0":
  version: 3.0.0
  resolution: "matcher@npm:3.0.0"
  dependencies:
    escape-string-regexp: "npm:^4.0.0"
  checksum: 10c0/2edf24194a2879690bcdb29985fc6bc0d003df44e04df21ebcac721fa6ce2f6201c579866bb92f9380bffe946f11ecd8cd31f34117fb67ebf8aca604918e127e
  languageName: node
  linkType: hard

"mimic-response@npm:^1.0.0":
  version: 1.0.1
  resolution: "mimic-response@npm:1.0.1"
  checksum: 10c0/c5381a5eae997f1c3b5e90ca7f209ed58c3615caeee850e85329c598f0c000ae7bec40196580eef1781c60c709f47258131dab237cad8786f8f56750594f27fa
  languageName: node
  linkType: hard

"mimic-response@npm:^3.1.0":
  version: 3.1.0
  resolution: "mimic-response@npm:3.1.0"
  checksum: 10c0/0d6f07ce6e03e9e4445bee655202153bdb8a98d67ee8dc965ac140900d7a2688343e6b4c9a72cfc9ef2f7944dfd76eef4ab2482eb7b293a68b84916bac735362
  languageName: node
  linkType: hard

"minimist@npm:^1.1.3":
  version: 1.2.6
  resolution: "minimist@npm:1.2.6"
  checksum: 10c0/d0b566204044481c4401abbd24cc75814e753b37268e7fe7ccc78612bf3e37bf1e45a6c43fb0b119445ea1c413c000bde013f320b7211974f2f49bcbec1d0dbf
  languageName: node
  linkType: hard

"minimist@npm:^1.2.7":
  version: 1.2.7
  resolution: "minimist@npm:1.2.7"
  checksum: 10c0/8808da67ca50ee19ab2d69051d77ee78572e67297fd8a1635ecc757a15106ccdfb5b8c4d11d84750120142f1684e5329a141295728c755e5d149eedd73cc6572
  languageName: node
  linkType: hard

"minipass@npm:^7.0.4, minipass@npm:^7.1.2":
  version: 7.1.3
  resolution: "minipass@npm:7.1.3"
  checksum: 10c0/539da88daca16533211ea5a9ee98dc62ff5742f531f54640dd34429e621955e91cc280a91a776026264b7f9f6735947629f920944e9c1558369e8bf22eb33fbb
  languageName: node
  linkType: hard

"minizlib@npm:^3.1.0":
  version: 3.1.0
  resolution: "minizlib@npm:3.1.0"
  dependencies:
    minipass: "npm:^7.1.2"
  checksum: 10c0/5aad75ab0090b8266069c9aabe582c021ae53eb33c6c691054a13a45db3b4f91a7fb1bd79151e6b4e9e9a86727b522527c0a06ec7d45206b745d54cd3097bcec
  languageName: node
  linkType: hard

"ms@npm:2.1.2":
  version: 2.1.2
  resolution: "ms@npm:2.1.2"
  checksum: 10c0/a437714e2f90dbf881b5191d35a6db792efbca5badf112f87b9e1c712aace4b4b9b742dd6537f3edf90fd6f684de897cec230abde57e87883766712ddda297cc
  languageName: node
  linkType: hard

"murmur-32@npm:^0.1.0":
  version: 0.1.0
  resolution: "murmur-32@npm:0.1.0"
  dependencies:
    array-buffer-from-string: "npm:^0.1.0"
    fmix: "npm:^0.1.0"
    imul: "npm:^1.0.0"
  checksum: 10c0/7dc8a162101398693bfa8254a651d5966a2f2d15fbc5346bd343b9063a86fff2d3e3861cef06f0e64344c540d91243f9a128cdba05d193f0593e6e21543508b9
  languageName: node
  linkType: hard

"nan@npm:^2.4.0":
  version: 2.27.0
  resolution: "nan@npm:2.27.0"
  dependencies:
    node-gyp: "npm:latest"
  checksum: 10c0/38eb00b06e40f0c65b6a98d75795f17d651a8b7b52f03873dff6902d0053f12e7638d7f64fc52bda6c8f8ec454d69636e3988c8a9eb2bc749c2d5c255ba55f4c
  languageName: node
  linkType: hard

"nice-try@npm:^1.0.4":
  version: 1.0.5
  resolution: "nice-try@npm:1.0.5"
  checksum: 10c0/95568c1b73e1d0d4069a3e3061a2102d854513d37bcfda73300015b7ba4868d3b27c198d1dbbd8ebdef4112fc2ed9e895d4a0f2e1cce0bd334f2a1346dc9205f
  languageName: node
  linkType: hard

"node-gyp@npm:latest":
  version: 13.0.0
  resolution: "node-gyp@npm:13.0.0"
  dependencies:
    env-paths: "npm:^2.2.0"
    exponential-backoff: "npm:^3.1.1"
    graceful-fs: "npm:^4.2.6"
    nopt: "npm:^10.0.0"
    proc-log: "npm:^7.0.0"
    semver: "npm:^7.3.5"
    tar: "npm:^7.5.4"
    tinyglobby: "npm:^0.2.12"
    undici: "npm:^6.25.0"
    which: "npm:^7.0.0"
  bin:
    node-gyp: bin/node-gyp.js
  checksum: 10c0/e7525c427db2d16aa368b8947187de83083d2a8dda23e3e096a71c22ae637ac5bb8ed7cf6c871f1b9118cd2729dbfee4ff3a4245e2b79226900227b15831b492
  languageName: node
  linkType: hard

"nopt@npm:^10.0.0":
  version: 10.0.1
  resolution: "nopt@npm:10.0.1"
  dependencies:
    abbrev: "npm:^5.0.0"
  bin:
    nopt: bin/nopt.js
  checksum: 10c0/980d89257f9587f3e1f77877ddbf905d6aa3b738ec33e49a4fa1a059a0dd82eb28063982b150654a7ae9de386f2ead60e56172db7d37cf56de545f7392a2a26a
  languageName: node
  linkType: hard

"normalize-url@npm:^6.0.1":
  version: 6.1.0
  resolution: "normalize-url@npm:6.1.0"
  checksum: 10c0/95d948f9bdd2cfde91aa786d1816ae40f8262946e13700bf6628105994fe0ff361662c20af3961161c38a119dc977adeb41fc0b41b1745eb77edaaf9cb22db23
  languageName: node
  linkType: hard

"npm-run-path@npm:^2.0.0":
  version: 2.0.2
  resolution: "npm-run-path@npm:2.0.2"
  dependencies:
    path-key: "npm:^2.0.0"
  checksum: 10c0/95549a477886f48346568c97b08c4fda9cdbf7ce8a4fbc2213f36896d0d19249e32d68d7451bdcbca8041b5fba04a6b2c4a618beaf19849505c05b700740f1de
  languageName: node
  linkType: hard

"object-keys@npm:^1.0.12":
  version: 1.1.1
  resolution: "object-keys@npm:1.1.1"
  checksum: 10c0/b11f7ccdbc6d406d1f186cdadb9d54738e347b2692a14439ca5ac70c225fa6db46db809711b78589866d47b25fc3e8dee0b4c722ac751e11180f9380e3d8601d
  languageName: node
  linkType: hard

"once@npm:^1.3.1, once@npm:^1.4.0":
  version: 1.4.0
  resolution: "once@npm:1.4.0"
  dependencies:
    wrappy: "npm:1"
  checksum: 10c0/5d48aca287dfefabd756621c5dfce5c91a549a93e9fdb7b8246bc4c4790aa2ec17b34a260530474635147aeb631a2dcc8b32c613df0675f96041cbb8244517d0
  languageName: node
  linkType: hard

"oxlint@npm:^1.59.0":
  version: 1.69.0
  resolution: "oxlint@npm:1.69.0"
  dependencies:
    "@oxlint/binding-android-arm-eabi": "npm:1.69.0"
    "@oxlint/binding-android-arm64": "npm:1.69.0"
    "@oxlint/binding-darwin-arm64": "npm:1.69.0"
    "@oxlint/binding-darwin-x64": "npm:1.69.0"
    "@oxlint/binding-freebsd-x64": "npm:1.69.0"
    "@oxlint/binding-linux-arm-gnueabihf": "npm:1.69.0"
    "@oxlint/binding-linux-arm-musleabihf": "npm:1.69.0"
    "@oxlint/binding-linux-arm64-gnu": "npm:1.69.0"
    "@oxlint/binding-linux-arm64-musl": "npm:1.69.0"
    "@oxlint/binding-linux-ppc64-gnu": "npm:1.69.0"
    "@oxlint/binding-linux-riscv64-gnu": "npm:1.69.0"
    "@oxlint/binding-linux-riscv64-musl": "npm:1.69.0"
    "@oxlint/binding-linux-s390x-gnu": "npm:1.69.0"
    "@oxlint/binding-linux-x64-gnu": "npm:1.69.0"
    "@oxlint/binding-linux-x64-musl": "npm:1.69.0"
    "@oxlint/binding-openharmony-arm64": "npm:1.69.0"
    "@oxlint/binding-win32-arm64-msvc": "npm:1.69.0"
    "@oxlint/binding-win32-ia32-msvc": "npm:1.69.0"
    "@oxlint/binding-win32-x64-msvc": "npm:1.69.0"
  peerDependencies:
    oxlint-tsgolint: ">=0.22.1"
    vite-plus: "*"
  dependenciesMeta:
    "@oxlint/binding-android-arm-eabi":
      optional: true
    "@oxlint/binding-android-arm64":
      optional: true
    "@oxlint/binding-darwin-arm64":
      optional: true
    "@oxlint/binding-darwin-x64":
      optional: true
    "@oxlint/binding-freebsd-x64":
      optional: true
    "@oxlint/binding-linux-arm-gnueabihf":
      optional: true
    "@oxlint/binding-linux-arm-musleabihf":
      optional: true
    "@oxlint/binding-linux-arm64-gnu":
      optional: true
    "@oxlint/binding-linux-arm64-musl":
      optional: true
    "@oxlint/binding-linux-ppc64-gnu":
      optional: true
    "@oxlint/binding-linux-riscv64-gnu":
      optional: true
    "@oxlint/binding-linux-riscv64-musl":
      optional: true
    "@oxlint/binding-linux-s390x-gnu":
      optional: true
    "@oxlint/binding-linux-x64-gnu":
      optional: true
    "@oxlint/binding-linux-x64-musl":
      optional: true
    "@oxlint/binding-openharmony-arm64":
      optional: true
    "@oxlint/binding-win32-arm64-msvc":
      optional: true
    "@oxlint/binding-win32-ia32-msvc":
      optional: true
    "@oxlint/binding-win32-x64-msvc":
      optional: true
  peerDependenciesMeta:
    oxlint-tsgolint:
      optional: true
    vite-plus:
      optional: true
  bin:
    oxlint: bin/oxlint
  checksum: 10c0/148d4bb03c8858454588f2f754eb7e6e13c7d0912da4b144b93f926799409e6bd884f39cf7a7232aed1c187167a897d5ccc56bb8ba80b83ed083787d7f0562bc
  languageName: node
  linkType: hard

"p-cancelable@npm:^2.0.0":
  version: 2.1.1
  resolution: "p-cancelable@npm:2.1.1"
  checksum: 10c0/8c6dc1f8dd4154fd8b96a10e55a3a832684c4365fb9108056d89e79fbf21a2465027c04a59d0d797b5ffe10b54a61a32043af287d5c4860f1e996cbdbc847f01
  languageName: node
  linkType: hard

"p-finally@npm:^1.0.0":
  version: 1.0.0
  resolution: "p-finally@npm:1.0.0"
  checksum: 10c0/6b8552339a71fe7bd424d01d8451eea92d379a711fc62f6b2fe64cad8a472c7259a236c9a22b4733abca0b5666ad503cb497792a0478c5af31ded793d00937e7
  languageName: node
  linkType: hard

"parse-color@npm:^1.0.0":
  version: 1.0.0
  resolution: "parse-color@npm:1.0.0"
  dependencies:
    color-convert: "npm:~0.5.0"
  checksum: 10c0/53b864bd91f9e3134e8d05b834c42c9ece76c6c3426fe979c36fc0452cfd9c8cbe8c7497cd7ddd8436a5878cd43af982a5eaf85908f69a6de0fe3daf122b65f7
  languageName: node
  linkType: hard

"path-exists@npm:^4.0.0":
  version: 4.0.0
  resolution: "path-exists@npm:4.0.0"
  checksum: 10c0/8c0bd3f5238188197dc78dced15207a4716c51cc4e3624c44fc97acf69558f5ebb9a2afff486fe1b4ee148e0c133e96c5e11a9aa5c48a3006e3467da070e5e1b
  languageName: node
  linkType: hard

"path-key@npm:^2.0.0, path-key@npm:^2.0.1":
  version: 2.0.1
  resolution: "path-key@npm:2.0.1"
  checksum: 10c0/dd2044f029a8e58ac31d2bf34c34b93c3095c1481942960e84dd2faa95bbb71b9b762a106aead0646695330936414b31ca0bd862bf488a937ad17c8c5d73b32b
  languageName: node
  linkType: hard

"picomatch@npm:^4.0.4":
  version: 4.0.4
  resolution: "picomatch@npm:4.0.4"
  checksum: 10c0/e2c6023372cc7b5764719a5ffb9da0f8e781212fa7ca4bd0562db929df8e117460f00dff3cb7509dacfc06b86de924b247f504d0ce1806a37fac4633081466b0
  languageName: node
  linkType: hard

"proc-log@npm:^7.0.0":
  version: 7.0.0
  resolution: "proc-log@npm:7.0.0"
  checksum: 10c0/b89c2d862604f35fec795477b0c7e376feab3ba0d4f4d291c4e959567442697cf451ac557d0623c1cc38af45a78128b983410f397a10c5d3a67f76c33de4754b
  languageName: node
  linkType: hard

"progress@npm:^2.0.3":
  version: 2.0.3
  resolution: "progress@npm:2.0.3"
  checksum: 10c0/1697e07cb1068055dbe9fe858d242368ff5d2073639e652b75a7eb1f2a1a8d4afd404d719de23c7b48481a6aa0040686310e2dac2f53d776daa2176d3f96369c
  languageName: node
  linkType: hard

"pump@npm:^3.0.0":
  version: 3.0.0
  resolution: "pump@npm:3.0.0"
  dependencies:
    end-of-stream: "npm:^1.1.0"
    once: "npm:^1.3.1"
  checksum: 10c0/bbdeda4f747cdf47db97428f3a135728669e56a0ae5f354a9ac5b74556556f5446a46f720a8f14ca2ece5be9b4d5d23c346db02b555f46739934cc6c093a5478
  languageName: node
  linkType: hard

"quick-lru@npm:^5.1.1":
  version: 5.1.1
  resolution: "quick-lru@npm:5.1.1"
  checksum: 10c0/a24cba5da8cec30d70d2484be37622580f64765fb6390a928b17f60cd69e8dbd32a954b3ff9176fa1b86d86ff2ba05252fae55dc4d40d0291c60412b0ad096da
  languageName: node
  linkType: hard

"random-path@npm:^0.1.0":
  version: 0.1.1
  resolution: "random-path@npm:0.1.1"
  dependencies:
    base32-encode: "npm:^0.1.0"
    murmur-32: "npm:^0.1.0"
  checksum: 10c0/6d17afe240e3af4528dce8fbafe050a2e389e504f91e17a8eca66f50b384bad797a6f6afcb21d2d079bc0472a23171131db01aeb46a262139701f1be717ef887
  languageName: node
  linkType: hard

"repeat-string@npm:^1.5.4":
  version: 1.6.1
  resolution: "repeat-string@npm:1.6.1"
  checksum: 10c0/87fa21bfdb2fbdedc44b9a5b118b7c1239bdd2c2c1e42742ef9119b7d412a5137a1d23f1a83dc6bb686f4f27429ac6f542e3d923090b44181bafa41e8ac0174d
  languageName: node
  linkType: hard

"resolve-alpn@npm:^1.0.0":
  version: 1.2.1
  resolution: "resolve-alpn@npm:1.2.1"
  checksum: 10c0/b70b29c1843bc39781ef946c8cd4482e6d425976599c0f9c138cec8209e4e0736161bf39319b01676a847000085dfdaf63583c6fb4427bf751a10635bd2aa0c4
  languageName: node
  linkType: hard

"responselike@npm:^2.0.0":
  version: 2.0.1
  resolution: "responselike@npm:2.0.1"
  dependencies:
    lowercase-keys: "npm:^2.0.0"
  checksum: 10c0/360b6deb5f101a9f8a4174f7837c523c3ec78b7ca8a7c1d45a1062b303659308a23757e318b1e91ed8684ad1205721142dd664d94771cd63499353fd4ee732b5
  languageName: node
  linkType: hard

"roarr@npm:^2.15.3":
  version: 2.15.4
  resolution: "roarr@npm:2.15.4"
  dependencies:
    boolean: "npm:^3.0.1"
    detect-node: "npm:^2.0.4"
    globalthis: "npm:^1.0.1"
    json-stringify-safe: "npm:^5.0.1"
    semver-compare: "npm:^1.0.0"
    sprintf-js: "npm:^1.1.2"
  checksum: 10c0/7d01d4c14513c461778dd673a8f9e53255221f8d04173aafeb8e11b23d8b659bb83f1c90cfe81af7f9c213b8084b404b918108fd792bda76678f555340cc64ec
  languageName: node
  linkType: hard

"semver-compare@npm:^1.0.0":
  version: 1.0.0
  resolution: "semver-compare@npm:1.0.0"
  checksum: 10c0/9ef4d8b81847556f0865f46ddc4d276bace118c7cb46811867af82e837b7fc473911981d5a0abc561fa2db487065572217e5b06e18701c4281bcdd2a1affaff1
  languageName: node
  linkType: hard

"semver@npm:^5.5.0":
  version: 5.7.1
  resolution: "semver@npm:5.7.1"
  bin:
    semver: ./bin/semver
  checksum: 10c0/d4884f2aeca28bff35d0bd40ff0a9b2dfc4b36a883bf0ea5dc15d10d9a01bdc9041035b05f825d4b5ac8a56e490703dbf0d986d054de82cc5e9bad3f02ca6e00
  languageName: node
  linkType: hard

"semver@npm:^6.2.0":
  version: 6.3.0
  resolution: "semver@npm:6.3.0"
  bin:
    semver: ./bin/semver.js
  checksum: 10c0/1f4959e15bcfbaf727e964a4920f9260141bb8805b399793160da4e7de128e42a7d1f79c1b7d5cd21a6073fba0d55feb9966f5fef3e5ccb8e1d7ead3d7527458
  languageName: node
  linkType: hard

"semver@npm:^7.3.2":
  version: 7.3.5
  resolution: "semver@npm:7.3.5"
  dependencies:
    lru-cache: "npm:^6.0.0"
  bin:
    semver: bin/semver.js
  checksum: 10c0/d450455b2601396dbc7d9f058a6709b1c0b99d74a911f9436c77887600ffcdb5f63d5adffa0c3b8f0092937d8a41cc61c6437bcba375ef4151cb1335ebe4f1f9
  languageName: node
  linkType: hard

"semver@npm:^7.3.5":
  version: 7.8.4
  resolution: "semver@npm:7.8.4"
  bin:
    semver: bin/semver.js
  checksum: 10c0/81b7c296fd7927b80f67fa516b75fa1017caac8167795320de28e76ccbc6f7f01763c30ecd10d6a0d8fd089708ab0548a5aebb94b0870e99c2a2b4600a46389b
  languageName: node
  linkType: hard

"serialize-error@npm:^7.0.1":
  version: 7.0.1
  resolution: "serialize-error@npm:7.0.1"
  dependencies:
    type-fest: "npm:^0.13.1"
  checksum: 10c0/7982937d578cd901276c8ab3e2c6ed8a4c174137730f1fb0402d005af209a0e84d04acc874e317c936724c7b5b26c7a96ff7e4b8d11a469f4924a4b0ea814c05
  languageName: node
  linkType: hard

"shebang-command@npm:^1.2.0":
  version: 1.2.0
  resolution: "shebang-command@npm:1.2.0"
  dependencies:
    shebang-regex: "npm:^1.0.0"
  checksum: 10c0/7b20dbf04112c456b7fc258622dafd566553184ac9b6938dd30b943b065b21dabd3776460df534cc02480db5e1b6aec44700d985153a3da46e7db7f9bd21326d
  languageName: node
  linkType: hard

"shebang-regex@npm:^1.0.0":
  version: 1.0.0
  resolution: "shebang-regex@npm:1.0.0"
  checksum: 10c0/9abc45dee35f554ae9453098a13fdc2f1730e525a5eb33c51f096cc31f6f10a4b38074c1ebf354ae7bffa7229506083844008dfc3bb7818228568c0b2dc1fff2
  languageName: node
  linkType: hard

"signal-exit@npm:^3.0.0":
  version: 3.0.2
  resolution: "signal-exit@npm:3.0.2"
  checksum: 10c0/74ce7a3128388320ee098a773ee10db107b3e103ce0f6ef0a07815f23f5df552d6f1ba78c5d07d225467f68e008355579347c31fdd5d7bc913298b7635c70331
  languageName: node
  linkType: hard

"sprintf-js@npm:^1.1.2":
  version: 1.1.2
  resolution: "sprintf-js@npm:1.1.2"
  checksum: 10c0/6cc8382f746348bd64b31bc5c99d8ebda7efff716025c41bf501e0e8be4f6744a9fa507e18513554753553d0bcb57fd5fc8dc8c42f94f8008127a52a2c544d21
  languageName: node
  linkType: hard

"stream-buffers@npm:~2.2.0":
  version: 2.2.0
  resolution: "stream-buffers@npm:2.2.0"
  checksum: 10c0/14a351f0a066eaa08c8c64a74f4aedd87dd7a8e59d4be224703da33dca3eb370828ee6c0ae3fff59a9c743e8098728fc95c5f052ae7741672a31e6b1430ba50a
  languageName: node
  linkType: hard

"strip-eof@npm:^1.0.0":
  version: 1.0.0
  resolution: "strip-eof@npm:1.0.0"
  checksum: 10c0/f336beed8622f7c1dd02f2cbd8422da9208fae81daf184f73656332899978919d5c0ca84dc6cfc49ad1fc4dd7badcde5412a063cf4e0d7f8ed95a13a63f68f45
  languageName: node
  linkType: hard

"sumchecker@npm:^3.0.1":
  version: 3.0.1
  resolution: "sumchecker@npm:3.0.1"
  dependencies:
    debug: "npm:^4.1.0"
  checksum: 10c0/43c387be9dfe22dbeaf39dfa4ffb279847aeb37a42a8988c0b066f548bbd209aa8c65e03da29f2b29be1a66b577801bf89fff0007df4183db2f286263a9569e5
  languageName: node
  linkType: hard

"tar@npm:^7.5.4":
  version: 7.5.16
  resolution: "tar@npm:7.5.16"
  dependencies:
    "@isaacs/fs-minipass": "npm:^4.0.0"
    chownr: "npm:^3.0.0"
    minipass: "npm:^7.1.2"
    minizlib: "npm:^3.1.0"
    yallist: "npm:^5.0.0"
  checksum: 10c0/4f37f3c4bd2ca2755fd736a5df1d573c1a868ec1b1e893346aeafa95ac510f9e2fd1469420bd866cc7904799e5bd4ac62b5d4f03fe27747d6e1e373b44505c5c
  languageName: node
  linkType: hard

"tinyglobby@npm:^0.2.12":
  version: 0.2.17
  resolution: "tinyglobby@npm:0.2.17"
  dependencies:
    fdir: "npm:^6.5.0"
    picomatch: "npm:^4.0.4"
  checksum: 10c0/7f7bb0f197c88bc4b20c231e0deca4240ca3bf313a88f5a7fee93a872b84966a4d50220947c0455ad07a60b3b360961c5b7fd979222aeb716a9f99b412002e4c
  languageName: node
  linkType: hard

"tn1150@npm:^0.1.0":
  version: 0.1.0
  resolution: "tn1150@npm:0.1.0"
  dependencies:
    unorm: "npm:^1.4.1"
  checksum: 10c0/5a07b2e9ecddca3bab11f75450800c74b99fec182be77f20c65ce22ae716c434bdf69c472aabb566e04d9574588fc99597e2983804ae0336ddb71d5e8c5ea4f0
  languageName: node
  linkType: hard

"type-fest@npm:^0.13.1":
  version: 0.13.1
  resolution: "type-fest@npm:0.13.1"
  checksum: 10c0/0c0fa07ae53d4e776cf4dac30d25ad799443e9eef9226f9fddbb69242db86b08584084a99885cfa5a9dfe4c063ebdc9aa7b69da348e735baede8d43f1aeae93b
  languageName: node
  linkType: hard

"typescript@npm:^5.5.2":
  version: 5.9.3
  resolution: "typescript@npm:5.9.3"
  bin:
    tsc: bin/tsc
    tsserver: bin/tsserver
  checksum: 10c0/6bd7552ce39f97e711db5aa048f6f9995b53f1c52f7d8667c1abdc1700c68a76a308f579cd309ce6b53646deb4e9a1be7c813a93baaf0a28ccd536a30270e1c5
  languageName: node
  linkType: hard

"typescript@patch:typescript@npm%3A^5.5.2#optional!builtin<compat/typescript>":
  version: 5.9.3
  resolution: "typescript@patch:typescript@npm%3A5.9.3#optional!builtin<compat/typescript>::version=5.9.3&hash=5786d5"
  bin:
    tsc: bin/tsc
    tsserver: bin/tsserver
  checksum: 10c0/ad09fdf7a756814dce65bc60c1657b40d44451346858eea230e10f2e95a289d9183b6e32e5c11e95acc0ccc214b4f36289dcad4bf1886b0adb84d711d336a430
  languageName: node
  linkType: hard

"undici-types@npm:~6.21.0":
  version: 6.21.0
  resolution: "undici-types@npm:6.21.0"
  checksum: 10c0/c01ed51829b10aa72fc3ce64b747f8e74ae9b60eafa19a7b46ef624403508a54c526ffab06a14a26b3120d055e1104d7abe7c9017e83ced038ea5cf52f8d5e04
  languageName: node
  linkType: hard

"undici@npm:^6.25.0":
  version: 6.26.0
  resolution: "undici@npm:6.26.0"
  checksum: 10c0/cf2b4caf58c33d6582970991290cc7a6486d6e738845f25dcdd16952d708ec844815c6d30362919764fcaf30f719891289341f1ada496f003ce2700310453a47
  languageName: node
  linkType: hard

"universalify@npm:^0.1.0":
  version: 0.1.2
  resolution: "universalify@npm:0.1.2"
  checksum: 10c0/e70e0339f6b36f34c9816f6bf9662372bd241714dc77508d231d08386d94f2c4aa1ba1318614f92015f40d45aae1b9075cd30bd490efbe39387b60a76ca3f045
  languageName: node
  linkType: hard

"unorm@npm:^1.4.1":
  version: 1.6.0
  resolution: "unorm@npm:1.6.0"
  checksum: 10c0/ff0caa3292f318e2e832d02ad019a401118fe42f5e554dca3b9c7e4a2a3100eda051945711234a6ffbd74088cf51930755782456d30864240936cb3485f80a01
  languageName: node
  linkType: hard

"which@npm:^1.2.9":
  version: 1.3.1
  resolution: "which@npm:1.3.1"
  dependencies:
    isexe: "npm:^2.0.0"
  bin:
    which: ./bin/which
  checksum: 10c0/e945a8b6bbf6821aaaef7f6e0c309d4b615ef35699576d5489b4261da9539f70393c6b2ce700ee4321c18f914ebe5644bc4631b15466ffbaad37d83151f6af59
  languageName: node
  linkType: hard

"which@npm:^7.0.0":
  version: 7.0.0
  resolution: "which@npm:7.0.0"
  dependencies:
    isexe: "npm:^4.0.0"
  bin:
    node-which: bin/which.js
  checksum: 10c0/ca0b54f198f78bbc4b7c02e34bda8d335cb352e0adb4cbca1c37b1a957af3a879a82c4c27ca6525bc942f548d8b64f816ef6528360af9f3de55ffb9b979b620d
  languageName: node
  linkType: hard

"wrappy@npm:1":
  version: 1.0.2
  resolution: "wrappy@npm:1.0.2"
  checksum: 10c0/56fece1a4018c6a6c8e28fbc88c87e0fbf4ea8fd64fc6c63b18f4acc4bd13e0ad2515189786dd2c30d3eec9663d70f4ecf699330002f8ccb547e4a18231fc9f0
  languageName: node
  linkType: hard

"xtend@npm:^4.0.0":
  version: 4.0.2
  resolution: "xtend@npm:4.0.2"
  checksum: 10c0/366ae4783eec6100f8a02dff02ac907bf29f9a00b82ac0264b4d8b832ead18306797e283cf19de776538babfdcb2101375ec5646b59f08c52128ac4ab812ed0e
  languageName: node
  linkType: hard

"yallist@npm:^4.0.0":
  version: 4.0.0
  resolution: "yallist@npm:4.0.0"
  checksum: 10c0/2286b5e8dbfe22204ab66e2ef5cc9bbb1e55dfc873bbe0d568aa943eb255d131890dfd5bf243637273d31119b870f49c18fcde2c6ffbb7a7a092b870dc90625a
  languageName: node
  linkType: hard

"yallist@npm:^5.0.0":
  version: 5.0.0
  resolution: "yallist@npm:5.0.0"
  checksum: 10c0/a499c81ce6d4a1d260d4ea0f6d49ab4da09681e32c3f0472dee16667ed69d01dae63a3b81745a24bd78476ec4fcf856114cb4896ace738e01da34b2c42235416
  languageName: node
  linkType: hard
